Microsoft Visual Studio Solution File, Format Version 11.00
# Visual Studio 2008

Project("{DF3ADA8F-E556-03C8-2ADC-F40E0755ACB5}") = "Cvrtain", "Assembly-CSharp-firstpass.csproj", "{2BFA40F1-7A21-44BA-21B1-7C14C8A5722C}"
EndProject
Project("{DF3ADA8F-E556-03C8-2ADC-F40E0755ACB5}") = "Cvrtain", "Assembly-CSharp.csproj", "{FC14046C-AA87-5167-B6CF-9E494369D7E2}"
EndProject
Project("{DF3ADA8F-E556-03C8-2ADC-F40E0755ACB5}") = "Cvrtain", "Assembly-CSharp-Editor.csproj", "{6E6A8424-C4F1-65E7-A397-96ABDD6C1460}"
EndProject
Global
	GlobalSection(SolutionConfigurationPlatforms) = preSolution
		Debug|Any CPU = Debug|Any CPU
		Release|Any CPU = Release|Any CPU
	EndGlobalSection
	GlobalSection(ProjectConfigurationPlatforms) = postSolution
		{2BFA40F1-7A21-44BA-21B1-7C14C8A5722C}.Debug|Any CPU.ActiveCfg = Debug|Any CPU
		{2BFA40F1-7A21-44BA-21B1-7C14C8A5722C}.Debug|Any CPU.Build.0 = Debug|Any CPU
		{2BFA40F1-7A21-44BA-21B1-7C14C8A5722C}.Release|Any CPU.ActiveCfg = Release|Any CPU
		{2BFA40F1-7A21-44BA-21B1-7C14C8A5722C}.Release|Any CPU.Build.0 = Release|Any CPU
		{FC14046C-AA87-5167-B6CF-9E494369D7E2}.Debug|Any CPU.ActiveCfg = Debug|Any CPU
		{FC14046C-AA87-5167-B6CF-9E494369D7E2}.Debug|Any CPU.Build.0 = Debug|Any CPU
		{FC14046C-AA87-5167-B6CF-9E494369D7E2}.Release|Any CPU.ActiveCfg = Release|Any CPU
		{FC14046C-AA87-5167-B6CF-9E494369D7E2}.Release|Any CPU.Build.0 = Release|Any CPU
		{6E6A8424-C4F1-65E7-A397-96ABDD6C1460}.Debug|Any CPU.ActiveCfg = Debug|Any CPU
		{6E6A8424-C4F1-65E7-A397-96ABDD6C1460}.Debug|Any CPU.Build.0 = Debug|Any CPU
		{6E6A8424-C4F1-65E7-A397-96ABDD6C1460}.Release|Any CPU.ActiveCfg = Release|Any CPU
		{6E6A8424-C4F1-65E7-A397-96ABDD6C1460}.Release|Any CPU.Build.0 = Release|Any CPU
	EndGlobalSection
	GlobalSection(SolutionProperties) = preSolution
		HideSolutionNode = FALSE
	EndGlobalSection
	GlobalSection(MonoDevelopProperties) = preSolution
		StartupItem = Assembly-CSharp.csproj
	EndGlobalSection
EndGlobal
