Microsoft Visual Studio Solution File, Format Version 11.00
# Visual Studio 2008

Project("{9F54756B-3BE8-CD24-F641-C4FF91E503B1}") = "CVRTAIN", "Assembly-CSharp-firstpass.csproj", "{32C6626E-D64F-9CCB-9DEC-83601BDCC570}"
EndProject
Project("{9F54756B-3BE8-CD24-F641-C4FF91E503B1}") = "CVRTAIN", "Assembly-CSharp.csproj", "{61B42171-A2A3-57C3-5022-2DCE2868DF40}"
EndProject
Project("{9F54756B-3BE8-CD24-F641-C4FF91E503B1}") = "CVRTAIN", "Assembly-CSharp-Editor.csproj", "{417F5CEA-FD5E-0822-258B-1F6B06975D15}"
EndProject
Global
	GlobalSection(SolutionConfigurationPlatforms) = preSolution
		Debug|Any CPU = Debug|Any CPU
		Release|Any CPU = Release|Any CPU
	EndGlobalSection
	GlobalSection(ProjectConfigurationPlatforms) = postSolution
		{32C6626E-D64F-9CCB-9DEC-83601BDCC570}.Debug|Any CPU.ActiveCfg = Debug|Any CPU
		{32C6626E-D64F-9CCB-9DEC-83601BDCC570}.Debug|Any CPU.Build.0 = Debug|Any CPU
		{32C6626E-D64F-9CCB-9DEC-83601BDCC570}.Release|Any CPU.ActiveCfg = Release|Any CPU
		{32C6626E-D64F-9CCB-9DEC-83601BDCC570}.Release|Any CPU.Build.0 = Release|Any CPU
		{61B42171-A2A3-57C3-5022-2DCE2868DF40}.Debug|Any CPU.ActiveCfg = Debug|Any CPU
		{61B42171-A2A3-57C3-5022-2DCE2868DF40}.Debug|Any CPU.Build.0 = Debug|Any CPU
		{61B42171-A2A3-57C3-5022-2DCE2868DF40}.Release|Any CPU.ActiveCfg = Release|Any CPU
		{61B42171-A2A3-57C3-5022-2DCE2868DF40}.Release|Any CPU.Build.0 = Release|Any CPU
		{417F5CEA-FD5E-0822-258B-1F6B06975D15}.Debug|Any CPU.ActiveCfg = Debug|Any CPU
		{417F5CEA-FD5E-0822-258B-1F6B06975D15}.Debug|Any CPU.Build.0 = Debug|Any CPU
		{417F5CEA-FD5E-0822-258B-1F6B06975D15}.Release|Any CPU.ActiveCfg = Release|Any CPU
		{417F5CEA-FD5E-0822-258B-1F6B06975D15}.Release|Any CPU.Build.0 = Release|Any CPU
	EndGlobalSection
	GlobalSection(SolutionProperties) = preSolution
		HideSolutionNode = FALSE
	EndGlobalSection
	GlobalSection(MonoDevelopProperties) = preSolution
		StartupItem = Assembly-CSharp.csproj
	EndGlobalSection
EndGlobal
